{
  "name": "alkaidx",
  "version": "1.0.0",
  "lockfileVersion": 1,
  "requires": true,
  "dependencies": {
    "ejs": {
      "version": "2.5.7",
      "resolved": "http://registry.npm.taobao.org/ejs/download/ejs-2.5.7.tgz",
      "integrity": "sha1-zIcsFoiArjxxiXYv1f/ACJbJUYo="
    },
    "formidable": {
      "version": "1.1.1",
      "resolved": "http://registry.npm.taobao.org/formidable/download/formidable-1.1.1.tgz",
      "integrity": "sha1-lriIb3w8NQi5Mta9cMTTqI818ak="
    },
    "mime": {
      "version": "2.0.1",
      "resolved": "http://registry.npm.taobao.org/mime/download/mime-2.0.1.tgz",
      "integrity": "sha1-c90LxqZ4g2zIMi212OTD5vPAZHE="
    }
  }
}
